
Microsoft Visual Studio Solution File, Format Version 12.00
# Visual Studio Version 16
VisualStudioVersion = 16.0.32002.261
MinimumVisualStudioVersion = 10.0.40219.1
Project("{FAE04EC0-301F-11D3-BF4B-00C04F79EFBC}") = "Fibonacy series", "Fibonacy series\Fibonacy series.csproj", "{AE136F52-65DE-4B49-94FE-F6B7BC968656}"
EndProject
Global
	GlobalSection(SolutionConfigurationPlatforms) = preSolution
		Debug|Any CPU = Debug|Any CPU
		Release|Any CPU = Release|Any CPU
	EndGlobalSection
	GlobalSection(ProjectConfigurationPlatforms) = postSolution
		{AE136F52-65DE-4B49-94FE-F6B7BC968656}.Debug|Any CPU.ActiveCfg = Debug|Any CPU
		{AE136F52-65DE-4B49-94FE-F6B7BC968656}.Debug|Any CPU.Build.0 = Debug|Any CPU
		{AE136F52-65DE-4B49-94FE-F6B7BC968656}.Release|Any CPU.ActiveCfg = Release|Any CPU
		{AE136F52-65DE-4B49-94FE-F6B7BC968656}.Release|Any CPU.Build.0 = Release|Any CPU
	EndGlobalSection
	GlobalSection(SolutionProperties) = preSolution
		HideSolutionNode = FALSE
	EndGlobalSection
	GlobalSection(ExtensibilityGlobals) = postSolution
		SolutionGuid = {49578197-D92D-4505-98D5-43951C0B8ED8}
	EndGlobalSection
EndGlobal
